
Microsoft Visual Studio Solution File, Format Version 12.00
# Visual Studio 15
VisualStudioVersion = 15.0.28307.757
MinimumVisualStudioVersion = 10.0.40219.1
Project("{FAE04EC0-301F-11D3-BF4B-00C04F79EFBC}") = "Smash.Library", "Smash.Library\Smash.Library.csproj", "{2E9DEC48-1F1F-4E7B-9AEA-8B90C23B6160}"
EndProject
Global
	GlobalSection(SolutionConfigurationPlatforms) = preSolution
		Debug|Any CPU = Debug|Any CPU
		Release|Any CPU = Release|Any CPU
	EndGlobalSection
	GlobalSection(ProjectConfigurationPlatforms) = postSolution
		{2E9DEC48-1F1F-4E7B-9AEA-8B90C23B6160}.Debug|Any CPU.ActiveCfg = Debug|Any CPU
		{2E9DEC48-1F1F-4E7B-9AEA-8B90C23B6160}.Debug|Any CPU.Build.0 = Debug|Any CPU
		{2E9DEC48-1F1F-4E7B-9AEA-8B90C23B6160}.Release|Any CPU.ActiveCfg = Release|Any CPU
		{2E9DEC48-1F1F-4E7B-9AEA-8B90C23B6160}.Release|Any CPU.Build.0 = Release|Any CPU
	EndGlobalSection
	GlobalSection(SolutionProperties) = preSolution
		HideSolutionNode = FALSE
	EndGlobalSection
	GlobalSection(ExtensibilityGlobals) = postSolution
		SolutionGuid = {39026A7F-A20F-4CE2-AAC5-3AFADD90CE87}
	EndGlobalSection
EndGlobal
